version = 1
revision = 3
requires-python = ">=3.9"
resolution-markers = [
    "python_full_version >= '3.10'",
    "python_full_version < '3.10'",
]

[[package]]
name = "galdr-scope"
version = "0.1.0"
source = { editable = "." }
dependencies = [
    { name = "pyusb" },
    { name = "pyvisa", version = "1.14.1", source = { registry = "https://pypi.org/simple" }, marker = "python_full_version < '3.10'" },
    { name = "pyvisa", version = "1.16.2", source = { registry = "https://pypi.org/simple" }, marker = "python_full_version >= '3.10'" },
    { name = "pyvisa-py", version = "0.7.2", source = { registry = "https://pypi.org/simple" }, marker = "python_full_version < '3.10'" },
    { name = "pyvisa-py", version = "0.8.1", source = { registry = "https://pypi.org/simple" }, marker = "python_full_version >= '3.10'" },
]

[package.metadata]
requires-dist = [
    { name = "pyusb", specifier = ">=1.2" },
    { name = "pyvisa", specifier = ">=1.14" },
    { name = "pyvisa-py", specifier = ">=0.7" },
]

[[package]]
name = "pyusb"
version = "1.3.1"
source = { registry = "https://pypi.org/simple" }
sdist = { url = "https://files.pythonhosted.org/packages/00/6b/ce3727395e52b7b76dfcf0c665e37d223b680b9becc60710d4bc08b7b7cb/pyusb-1.3.1.tar.gz", hash = "sha256:3af070b607467c1c164f49d5b0caabe8ac78dbed9298d703a8dbf9df4052d17e", size = 77281, upload-time = "2025-01-08T23:45:01.866Z" }
wheels = [
    { url = "https://files.pythonhosted.org/packages/28/b8/27e6312e86408a44fe16bd28ee12dd98608b39f7e7e57884a24e8f29b573/pyusb-1.3.1-py3-none-any.whl", hash = "sha256:bf9b754557af4717fe80c2b07cc2b923a9151f5c08d17bdb5345dac09d6a0430", size = 58465, upload-time = "2025-01-08T23:45:00.029Z" },
]

[[package]]
name = "pyvisa"
version = "1.14.1"
source = { registry = "https://pypi.org/simple" }
resolution-markers = [
    "python_full_version < '3.10'",
]
dependencies = [
    { name = "typing-extensions" },
]
sdist = { url = "https://files.pythonhosted.org/packages/1a/77/577366efd9cff08ddfedcf14f678ff57bb1a6287ccdf157972e6d9e7b494/PyVISA-1.14.1.tar.gz", hash = "sha256:71030041ed4c5dad77687454cf44b8be4d1642e9d1aaa22019248d41d8ed7a79", size = 234683, upload-time = "2023-11-22T07:33:45.658Z" }
wheels = [
    { url = "https://files.pythonhosted.org/packages/99/a0/0e739df84e0fc61abecc6b4b70ad7aea7f5d7ee37ec504baa365c0fec9da/PyVISA-1.14.1-py3-none-any.whl", hash = "sha256:6e4dfc9b6029b4f00d0d4960348c4889c2747aa7f83276950d48a349eab36a45", size = 176651, upload-time = "2023-11-22T07:33:43.496Z" },
]

[[package]]
name = "pyvisa"
version = "1.16.2"
source = { registry = "https://pypi.org/simple" }
resolution-markers = [
    "python_full_version >= '3.10'",
]
dependencies = [
    { name = "typing-extensions" },
]
sdist = { url = "https://files.pythonhosted.org/packages/13/72/a50adff945e66f2161a44b243970f809de19152a2e7da0473ae8ff96d642/pyvisa-1.16.2.tar.gz", hash = "sha256:75beb93eeafe20a50be5726fa4e3a645948c93d86819f9c1f8c542efa4085a38", size = 238729, upload-time = "2026-02-27T12:14:08.54Z" }
wheels = [
    { url = "https://files.pythonhosted.org/packages/e4/a9/776da4f397003cca093659524c3526590522f81b642936838428c11274e6/pyvisa-1.16.2-py3-none-any.whl", hash = "sha256:54f034adafd3e8d1858d57cdafec64e920444f4b84b31c9fd17487fbad0a197a", size = 181413, upload-time = "2026-02-27T12:14:07.301Z" },
]

[[package]]
name = "pyvisa-py"
version = "0.7.2"
source = { registry = "https://pypi.org/simple" }
resolution-markers = [
    "python_full_version < '3.10'",
]
dependencies = [
    { name = "pyvisa", version = "1.14.1", source = { registry = "https://pypi.org/simple" } },
    { name = "typing-extensions" },
]
sdist = { url = "https://files.pythonhosted.org/packages/82/14/fffb2de1baaa3dd6e30940a9882d742365baffa3ba4dade0260ddaee6390/PyVISA-py-0.7.2.tar.gz", hash = "sha256:4c5f5b867858457dbebfff92a42fba2d8b046d28defbbec2a09e3c1f0850e851", size = 95701, upload-time = "2024-03-07T12:05:31.696Z" }
wheels = [
    { url = "https://files.pythonhosted.org/packages/70/7b/9c9cbb09596d00a3a5b009559e9b859ac459d01611fea6b3b655f74dc323/PyVISA_py-0.7.2-py3-none-any.whl", hash = "sha256:c53b941a5ee6547aadc5321f930c924dd5c4434891bc512fcafcdd5a4a8d110d", size = 75570, upload-time = "2024-03-07T12:05:29.72Z" },
]

[[package]]
name = "pyvisa-py"
version = "0.8.1"
source = { registry = "https://pypi.org/simple" }
resolution-markers = [
    "python_full_version >= '3.10'",
]
dependencies = [
    { name = "pyvisa", version = "1.16.2", source = { registry = "https://pypi.org/simple" } },
    { name = "typing-extensions" },
]
sdist = { url = "https://files.pythonhosted.org/packages/55/8d/0f1af2b39feca8868d0692a2c5d0c47f4ad559a051fb678c441fe1e99536/pyvisa_py-0.8.1.tar.gz", hash = "sha256:db53d3219d971d16b8f7c764a93e08475875063635b9ad8ea3c988439833ccdd", size = 102061, upload-time = "2025-09-04T20:48:21.639Z" }
wheels = [
    { url = "https://files.pythonhosted.org/packages/70/0b/06ccf917ce30d78d75e452d0afc89236b1d384b776c5c33d75c8cc55fbe7/pyvisa_py-0.8.1-py3-none-any.whl", hash = "sha256:31208a2933c1793b4e829ba5f07d265b83f280668df440ee7ee6ac505dea4ee9", size = 82206, upload-time = "2025-09-04T20:48:20.13Z" },
]

[[package]]
name = "typing-extensions"
version = "4.16.0"
source = { registry = "https://pypi.org/simple" }
sdist = { url = "https://files.pythonhosted.org/packages/f6/cc/6253133b5bb138fc3306cebfbda2c520f545d36b5be2c7255cc528bb45d6/typing_extensions-4.16.0.tar.gz", hash = "sha256:dc983d19a509c94dba722ee6abd33940f7c05a89e243c47e907eb4db6f1a43e5", size = 113555, upload-time = "2026-07-02T08:40:05.92Z" }
wheels = [
    { url = "https://files.pythonhosted.org/packages/49/d3/b8441a820a491ddfc024b0b0cf0393375b75ea13866d9c66727e54c2fc80/typing_extensions-4.16.0-py3-none-any.whl", hash = "sha256:481caa481374e813c1b176ada14e97f1f67a4539ce9cfeb3f350d78d6370c2e8", size = 45571, upload-time = "2026-07-02T08:40:04.659Z" },
]
